
Microsoft Visual Studio Solution File, Format Version 12.00
# Visual Studio Version 16
VisualStudioVersion = 16.0.31702.278
MinimumVisualStudioVersion = 10.0.40219.1
Project("{FAE04EC0-301F-11D3-BF4B-00C04F79EFBC}") = "WebAPI", "WebAPI\WebAPI.csproj", "{949811AB-D852-4A84-91FC-E987D4F56832}"
EndProject
Global
	GlobalSection(SolutionConfigurationPlatforms) = preSolution
		Debug|Any CPU = Debug|Any CPU
		Release|Any CPU = Release|Any CPU
	EndGlobalSection
	GlobalSection(ProjectConfigurationPlatforms) = postSolution
		{949811AB-D852-4A84-91FC-E987D4F56832}.Debug|Any CPU.ActiveCfg = Debug|Any CPU
		{949811AB-D852-4A84-91FC-E987D4F56832}.Debug|Any CPU.Build.0 = Debug|Any CPU
		{949811AB-D852-4A84-91FC-E987D4F56832}.Release|Any CPU.ActiveCfg = Release|Any CPU
		{949811AB-D852-4A84-91FC-E987D4F56832}.Release|Any CPU.Build.0 = Release|Any CPU
	EndGlobalSection
	GlobalSection(SolutionProperties) = preSolution
		HideSolutionNode = FALSE
	EndGlobalSection
	GlobalSection(ExtensibilityGlobals) = postSolution
		SolutionGuid = {8E299A10-E4DE-4E23-88B4-E7B54CF552A1}
	EndGlobalSection
EndGlobal
